<?xml version="1.0" encoding="utf-8"?>
<Project ToolsVersion="18.0" xmlns="http://schemas.microsoft.com/developer/msbuild/2003">
  <ItemGroup>
    <ClCompile Include="C:\Users\LJHlj\BlessStar\kernel\runtime\src\kernel.c">
      <Filter>Source Files</Filter>
    </ClCompile>
    <ClCompile Include="C:\Users\LJHlj\BlessStar\kernel\runtime\src\config.c">
      <Filter>Source Files</Filter>
    </ClCompile>
    <ClCompile Include="C:\Users\LJHlj\BlessStar\kernel\runtime\src\context.c">
      <Filter>Source Files</Filter>
    </ClCompile>
  </ItemGroup>
  <ItemGroup>
    <CustomBuild Include="C:\Users\LJHlj\BlessStar\CMakeLists.txt" />
  </ItemGroup>
  <ItemGroup>
    <Filter Include="Source Files">
      <UniqueIdentifier>{2E6C2157-5B67-3546-88D7-AC65B46DA31B}</UniqueIdentifier>
    </Filter>
  </ItemGroup>
</Project>
