<?xml version="1.0" encoding="utf-8"?>
<Project ToolsVersion="18.0" xmlns="http://schemas.microsoft.com/developer/msbuild/2003">
  <ItemGroup>
    <CustomBuild Include="C:\Users\LJHlj\BlessStar\build_no_tests\CMakeFiles\e5bfa7e91d54f788ed410a2085eb078c\generate.stamp.rule">
      <Filter>CMake Rules</Filter>
    </CustomBuild>
  </ItemGroup>
  <ItemGroup>
    <Filter Include="CMake Rules">
      <UniqueIdentifier>{5006C982-1525-32DB-AD39-01B220778FED}</UniqueIdentifier>
    </Filter>
  </ItemGroup>
</Project>
