<?xml version="1.0" encoding="utf-8"?>
<Project ToolsVersion="18.0" xmlns="http://schemas.microsoft.com/developer/msbuild/2003">
  <ItemGroup>
    <CustomBuild Include="C:\Users\LJHlj\BlessStar\build_debug\CMakeFiles\258b6e9622cdfa4b9b46bf8c1f7d760b\generate.stamp.rule">
      <Filter>CMake Rules</Filter>
    </CustomBuild>
  </ItemGroup>
  <ItemGroup>
    <Filter Include="CMake Rules">
      <UniqueIdentifier>{79517C1F-FE99-35B8-83D8-7B4A418719DB}</UniqueIdentifier>
    </Filter>
  </ItemGroup>
</Project>
