<?xml version="1.0" encoding="utf-8"?>
<Project ToolsVersion="18.0" xmlns="http://schemas.microsoft.com/developer/msbuild/2003">
  <ItemGroup>
    <ClCompile Include="C:\Users\LJHlj\BlessStar\kernel\common\test\ErrorTest.cpp">
      <Filter>Source Files</Filter>
    </ClCompile>
  </ItemGroup>
  <ItemGroup>
    <CustomBuild Include="C:\Users\LJHlj\BlessStar\CMakeLists.txt" />
  </ItemGroup>
  <ItemGroup>
    <Filter Include="Source Files">
      <UniqueIdentifier>{E1951FA8-EBD4-36AA-8383-1BB3BDC3488C}</UniqueIdentifier>
    </Filter>
  </ItemGroup>
</Project>
