<?xml version="1.0" encoding="utf-8"?>
<Project ToolsVersion="18.0" xmlns="http://schemas.microsoft.com/developer/msbuild/2003">
  <ItemGroup>
    <CustomBuild Include="C:\Users\LJHlj\BlessStar\blessstar_build\CMakeFiles\791564606a7190116ee8c66f3e7bceb3\generate.stamp.rule">
      <Filter>CMake Rules</Filter>
    </CustomBuild>
  </ItemGroup>
  <ItemGroup>
    <Filter Include="CMake Rules">
      <UniqueIdentifier>{0128B997-8F46-31F6-887C-4EB550955D6B}</UniqueIdentifier>
    </Filter>
  </ItemGroup>
</Project>
